{
  "lockfileVersion": 1,
  "configVersion": 0,
  "workspaces": {
    "": {
      "name": "untils",
      "dependencies": {
        "daisyui": "^5.5.19",
        "tailwindcss": "^4.2.1",
      },
    },
  },
  "packages": {
    "daisyui": ["daisyui@5.5.19", "", {}, "sha512-pbFAkl1VCEh/MPCeclKL61I/MqRIFFhNU7yiXoDDRapXN4/qNCoMxeCCswyxEEhqL5eiTTfwHvucFtOE71C9sA=="],

    "tailwindcss": ["tailwindcss@4.2.1", "", {}, "sha512-/tBrSQ36vCleJkAOsy9kbNTgaxvGbyOamC30PRePTQe/o1MFwEKHQk4Cn7BNGaPtjp+PuUrByJehM1hgxfq4sw=="],
  }
}
